
Microsoft Visual Studio Solution File, Format Version 12.00
# Visual Studio 15
VisualStudioVersion = 15.0.28307.489
MinimumVisualStudioVersion = 10.0.40219.1
Project("{FAE04EC0-301F-11D3-BF4B-00C04F79EFBC}") = "WebApplication4", "WebApplication4\WebApplication4.csproj", "{C64F9E87-699A-4967-8201-8F67983A2D16}"
EndProject
Global
	GlobalSection(SolutionConfigurationPlatforms) = preSolution
		Debug|Any CPU = Debug|Any CPU
		Release|Any CPU = Release|Any CPU
	EndGlobalSection
	GlobalSection(ProjectConfigurationPlatforms) = postSolution
		{C64F9E87-699A-4967-8201-8F67983A2D16}.Debug|Any CPU.ActiveCfg = Debug|Any CPU
		{C64F9E87-699A-4967-8201-8F67983A2D16}.Debug|Any CPU.Build.0 = Debug|Any CPU
		{C64F9E87-699A-4967-8201-8F67983A2D16}.Release|Any CPU.ActiveCfg = Release|Any CPU
		{C64F9E87-699A-4967-8201-8F67983A2D16}.Release|Any CPU.Build.0 = Release|Any CPU
	EndGlobalSection
	GlobalSection(SolutionProperties) = preSolution
		HideSolutionNode = FALSE
	EndGlobalSection
	GlobalSection(ExtensibilityGlobals) = postSolution
		SolutionGuid = {E4EA9176-13D6-4C19-BBD2-E3A0F0673B11}
	EndGlobalSection
EndGlobal
